
Microsoft Visual Studio Solution File, Format Version 12.00
# Visual Studio Version 16
VisualStudioVersion = 16.0.31321.278
MinimumVisualStudioVersion = 10.0.40219.1
Project("{FAE04EC0-301F-11D3-BF4B-00C04F79EFBC}") = "finalOdevi", "WindowsFormsApp1\finalOdevi.csproj", "{A5B4FD21-3BDD-4B5D-9EA6-FC9E0208C9F2}"
EndProject
Global
	GlobalSection(SolutionConfigurationPlatforms) = preSolution
		Debug|Any CPU = Debug|Any CPU
		Release|Any CPU = Release|Any CPU
	EndGlobalSection
	GlobalSection(ProjectConfigurationPlatforms) = postSolution
		{A5B4FD21-3BDD-4B5D-9EA6-FC9E0208C9F2}.Debug|Any CPU.ActiveCfg = Debug|Any CPU
		{A5B4FD21-3BDD-4B5D-9EA6-FC9E0208C9F2}.Debug|Any CPU.Build.0 = Debug|Any CPU
		{A5B4FD21-3BDD-4B5D-9EA6-FC9E0208C9F2}.Release|Any CPU.ActiveCfg = Release|Any CPU
		{A5B4FD21-3BDD-4B5D-9EA6-FC9E0208C9F2}.Release|Any CPU.Build.0 = Release|Any CPU
	EndGlobalSection
	GlobalSection(SolutionProperties) = preSolution
		HideSolutionNode = FALSE
	EndGlobalSection
	GlobalSection(ExtensibilityGlobals) = postSolution
		SolutionGuid = {1EB73BFD-3B23-4512-84D3-D1E61EB8AD8F}
	EndGlobalSection
EndGlobal
