
Microsoft Visual Studio Solution File, Format Version 12.00
# Visual Studio Version 16
VisualStudioVersion = 16.0.30621.155
MinimumVisualStudioVersion = 10.0.40219.1
Project("{FAE04EC0-301F-11D3-BF4B-00C04F79EFBC}") = "randomCalismam", "randomCalismam\randomCalismam.csproj", "{0BB80561-5236-4C27-BDCE-E68AE00A9AF2}"
EndProject
Global
	GlobalSection(SolutionConfigurationPlatforms) = preSolution
		Debug|Any CPU = Debug|Any CPU
		Release|Any CPU = Release|Any CPU
	EndGlobalSection
	GlobalSection(ProjectConfigurationPlatforms) = postSolution
		{0BB80561-5236-4C27-BDCE-E68AE00A9AF2}.Debug|Any CPU.ActiveCfg = Debug|Any CPU
		{0BB80561-5236-4C27-BDCE-E68AE00A9AF2}.Debug|Any CPU.Build.0 = Debug|Any CPU
		{0BB80561-5236-4C27-BDCE-E68AE00A9AF2}.Release|Any CPU.ActiveCfg = Release|Any CPU
		{0BB80561-5236-4C27-BDCE-E68AE00A9AF2}.Release|Any CPU.Build.0 = Release|Any CPU
	EndGlobalSection
	GlobalSection(SolutionProperties) = preSolution
		HideSolutionNode = FALSE
	EndGlobalSection
	GlobalSection(ExtensibilityGlobals) = postSolution
		SolutionGuid = {44884BC5-AB98-4D98-B6C3-BDCA0B489C87}
	EndGlobalSection
EndGlobal
