
Microsoft Visual Studio Solution File, Format Version 12.00
# Visual Studio Version 16
VisualStudioVersion = 16.0.30711.63
MinimumVisualStudioVersion = 10.0.40219.1
Project("{FAE04EC0-301F-11D3-BF4B-00C04F79EFBC}") = "sifirdan", "sifirdan\sifirdan.csproj", "{BEEE5216-14CA-40B8-872D-640F7056420C}"
EndProject
Global
	GlobalSection(SolutionConfigurationPlatforms) = preSolution
		Debug|Any CPU = Debug|Any CPU
		Release|Any CPU = Release|Any CPU
	EndGlobalSection
	GlobalSection(ProjectConfigurationPlatforms) = postSolution
		{BEEE5216-14CA-40B8-872D-640F7056420C}.Debug|Any CPU.ActiveCfg = Debug|Any CPU
		{BEEE5216-14CA-40B8-872D-640F7056420C}.Debug|Any CPU.Build.0 = Debug|Any CPU
		{BEEE5216-14CA-40B8-872D-640F7056420C}.Release|Any CPU.ActiveCfg = Release|Any CPU
		{BEEE5216-14CA-40B8-872D-640F7056420C}.Release|Any CPU.Build.0 = Release|Any CPU
	EndGlobalSection
	GlobalSection(SolutionProperties) = preSolution
		HideSolutionNode = FALSE
	EndGlobalSection
	GlobalSection(ExtensibilityGlobals) = postSolution
		SolutionGuid = {02301D2F-AF28-415D-9524-D532FC4FAE52}
	EndGlobalSection
EndGlobal
