
Microsoft Visual Studio Solution File, Format Version 12.00
# Visual Studio Version 16
VisualStudioVersion = 16.0.30711.63
MinimumVisualStudioVersion = 10.0.40219.1
Project("{FAE04EC0-301F-11D3-BF4B-00C04F79EFBC}") = "rastgelelCalisma", "rastgelelCalisma\rastgelelCalisma.csproj", "{E88A3516-24F0-4437-9232-546E05C1AA5D}"
EndProject
Global
	GlobalSection(SolutionConfigurationPlatforms) = preSolution
		Debug|Any CPU = Debug|Any CPU
		Release|Any CPU = Release|Any CPU
	EndGlobalSection
	GlobalSection(ProjectConfigurationPlatforms) = postSolution
		{E88A3516-24F0-4437-9232-546E05C1AA5D}.Debug|Any CPU.ActiveCfg = Debug|Any CPU
		{E88A3516-24F0-4437-9232-546E05C1AA5D}.Debug|Any CPU.Build.0 = Debug|Any CPU
		{E88A3516-24F0-4437-9232-546E05C1AA5D}.Release|Any CPU.ActiveCfg = Release|Any CPU
		{E88A3516-24F0-4437-9232-546E05C1AA5D}.Release|Any CPU.Build.0 = Release|Any CPU
	EndGlobalSection
	GlobalSection(SolutionProperties) = preSolution
		HideSolutionNode = FALSE
	EndGlobalSection
	GlobalSection(ExtensibilityGlobals) = postSolution
		SolutionGuid = {81CF6932-2F81-4F5B-9E22-62C5035F0BAE}
	EndGlobalSection
EndGlobal
